// !$*UTF8*$!
{
	archiveVersion = 1;
	classes = {
	};
	objectVersion = 50;
	objects = {

/* Begin PBXBuildFile section */
		84A2E16E25532C9D007B5B14 /* UsernameValidator.swift in Sources */ = {isa = PBXBuildFile; fileRef = 84A2E16D25532C9D007B5B14 /* UsernameValidator.swift */; };
		84A2E17525532E95007B5B14 /* ExcludeSpecialCharacterSpecification.swift in Sources */ = {isa = PBXBuildFile; fileRef = 84A2E17425532E95007B5B14 /* ExcludeSpecialCharacterSpecification.swift */; };
		84E5C8522551AACA00876831 /* main.swift in Sources */ = {isa = PBXBuildFile; fileRef = 84E5C8512551AACA00876831 /* main.swift */; };
		84E5C8612551AAD700876831 /* TextValidator.swift in Sources */ = {isa = PBXBuildFile; fileRef = 84E5C8592551AAD600876831 /* TextValidator.swift */; };
		84E5C8622551AAD700876831 /* MinimumLengthSpecification.swift in Sources */ = {isa = PBXBuildFile; fileRef = 84E5C85B2551AAD700876831 /* MinimumLengthSpecification.swift */; };
		84E5C8632551AAD700876831 /* LowercaseSpecification.swift in Sources */ = {isa = PBXBuildFile; fileRef = 84E5C85C2551AAD700876831 /* LowercaseSpecification.swift */; };
		84E5C8642551AAD700876831 /* SpecialCharacterSpecification.swift in Sources */ = {isa = PBXBuildFile; fileRef = 84E5C85D2551AAD700876831 /* SpecialCharacterSpecification.swift */; };
		84E5C8652551AAD700876831 /* UppercaseSpecification.swift in Sources */ = {isa = PBXBuildFile; fileRef = 84E5C85E2551AAD700876831 /* UppercaseSpecification.swift */; };
		84E5C8662551AAD700876831 /* NumericSpecification.swift in Sources */ = {isa = PBXBuildFile; fileRef = 84E5C85F2551AAD700876831 /* NumericSpecification.swift */; };
		84E5C8672551AAD700876831 /* TextSpecification.swift in Sources */ = {isa = PBXBuildFile; fileRef = 84E5C8602551AAD700876831 /* TextSpecification.swift */; };
		84E5C86B2551AB1500876831 /* PasswordValidator.swift in Sources */ = {isa = PBXBuildFile; fileRef = 84E5C86A2551AB1500876831 /* PasswordValidator.swift */; };
/* End PBXBuildFile section */

/* Begin PBXCopyFilesBuildPhase section */
		84E5C84C2551AACA00876831 /* CopyFiles */ = {
			isa = PBXCopyFilesBuildPhase;
			buildActionMask = 2147483647;
			dstPath = /usr/share/man/man1/;
			dstSubfolderSpec = 0;
			files = (
			);
			runOnlyForDeploymentPostprocessing = 1;
		};
/* End PBXCopyFilesBuildPhase section */

/* Begin PBXFileReference section */
		84A2E16D25532C9D007B5B14 /* UsernameValidator.swift */ = {isa = PBXFileReference; lastKnownFileType = sourcecode.swift; path = UsernameValidator.swift; sourceTree = "<group>"; };
		84A2E17425532E95007B5B14 /* ExcludeSpecialCharacterSpecification.swift */ = {isa = PBXFileReference; lastKnownFileType = sourcecode.swift; path = ExcludeSpecialCharacterSpecification.swift; sourceTree = "<group>"; };
		84E5C84E2551AACA00876831 /* Validator */ = {isa = PBXFileReference; explicitFileType = "compiled.mach-o.executable"; includeInIndex = 0; path = Validator; sourceTree = BUILT_PRODUCTS_DIR; };
		84E5C8512551AACA00876831 /* main.swift */ = {isa = PBXFileReference; lastKnownFileType = sourcecode.swift; path = main.swift; sourceTree = "<group>"; };
		84E5C8592551AAD600876831 /* TextValidator.swift */ = {isa = PBXFileReference; fileEncoding = 4; lastKnownFileType = sourcecode.swift; path = TextValidator.swift; sourceTree = "<group>"; };
		84E5C85B2551AAD700876831 /* MinimumLengthSpecification.swift */ = {isa = PBXFileReference; fileEncoding = 4; lastKnownFileType = sourcecode.swift; path = MinimumLengthSpecification.swift; sourceTree = "<group>"; };
		84E5C85C2551AAD700876831 /* LowercaseSpecification.swift */ = {isa = PBXFileReference; fileEncoding = 4; lastKnownFileType = sourcecode.swift; path = LowercaseSpecification.swift; sourceTree = "<group>"; };
		84E5C85D2551AAD700876831 /* SpecialCharacterSpecification.swift */ = {isa = PBXFileReference; fileEncoding = 4; lastKnownFileType = sourcecode.swift; path = SpecialCharacterSpecification.swift; sourceTree = "<group>"; };
		84E5C85E2551AAD700876831 /* UppercaseSpecification.swift */ = {isa = PBXFileReference; fileEncoding = 4; lastKnownFileType = sourcecode.swift; path = UppercaseSpecification.swift; sourceTree = "<group>"; };
		84E5C85F2551AAD700876831 /* NumericSpecification.swift */ = {isa = PBXFileReference; fileEncoding = 4; lastKnownFileType = sourcecode.swift; path = NumericSpecification.swift; sourceTree = "<group>"; };
		84E5C8602551AAD700876831 /* TextSpecification.swift */ = {isa = PBXFileReference; fileEncoding = 4; lastKnownFileType = sourcecode.swift; path = TextSpecification.swift; sourceTree = "<group>"; };
		84E5C86A2551AB1500876831 /* PasswordValidator.swift */ = {isa = PBXFileReference; lastKnownFileType = sourcecode.swift; path = PasswordValidator.swift; sourceTree = "<group>"; };
/* End PBXFileReference section */

/* Begin PBXFrameworksBuildPhase section */
		84E5C84B2551AACA00876831 /* Frameworks */ = {
			isa = PBXFrameworksBuildPhase;
			buildActionMask = 2147483647;
			files = (
			);
			runOnlyForDeploymentPostprocessing = 0;
		};
/* End PBXFrameworksBuildPhase section */

/* Begin PBXGroup section */
		84A2E17125532DE7007B5B14 /* Example */ = {
			isa = PBXGroup;
			children = (
				84E5C86A2551AB1500876831 /* PasswordValidator.swift */,
				84A2E16D25532C9D007B5B14 /* UsernameValidator.swift */,
				84E5C8512551AACA00876831 /* main.swift */,
			);
			path = Example;
			sourceTree = "<group>";
		};
		84E5C8452551AACA00876831 = {
			isa = PBXGroup;
			children = (
				84E5C8502551AACA00876831 /* Validator */,
				84E5C84F2551AACA00876831 /* Products */,
			);
			sourceTree = "<group>";
		};
		84E5C84F2551AACA00876831 /* Products */ = {
			isa = PBXGroup;
			children = (
				84E5C84E2551AACA00876831 /* Validator */,
			);
			name = Products;
			sourceTree = "<group>";
		};
		84E5C8502551AACA00876831 /* Validator */ = {
			isa = PBXGroup;
			children = (
				84E5C8692551AB0000876831 /* TextValidator */,
				84A2E17125532DE7007B5B14 /* Example */,
			);
			path = Validator;
			sourceTree = "<group>";
		};
		84E5C85A2551AAD700876831 /* Specifications */ = {
			isa = PBXGroup;
			children = (
				84E5C85B2551AAD700876831 /* MinimumLengthSpecification.swift */,
				84E5C85C2551AAD700876831 /* LowercaseSpecification.swift */,
				84E5C85D2551AAD700876831 /* SpecialCharacterSpecification.swift */,
				84E5C85E2551AAD700876831 /* UppercaseSpecification.swift */,
				84E5C85F2551AAD700876831 /* NumericSpecification.swift */,
				84A2E17425532E95007B5B14 /* ExcludeSpecialCharacterSpecification.swift */,
			);
			path = Specifications;
			sourceTree = "<group>";
		};
		84E5C8692551AB0000876831 /* TextValidator */ = {
			isa = PBXGroup;
			children = (
				84E5C85A2551AAD700876831 /* Specifications */,
				84E5C8602551AAD700876831 /* TextSpecification.swift */,
				84E5C8592551AAD600876831 /* TextValidator.swift */,
			);
			path = TextValidator;
			sourceTree = "<group>";
		};
/* End PBXGroup section */

/* Begin PBXNativeTarget section */
		84E5C84D2551AACA00876831 /* Validator */ = {
			isa = PBXNativeTarget;
			buildConfigurationList = 84E5C8552551AACA00876831 /* Build configuration list for PBXNativeTarget "Validator" */;
			buildPhases = (
				84E5C84A2551AACA00876831 /* Sources */,
				84E5C84B2551AACA00876831 /* Frameworks */,
				84E5C84C2551AACA00876831 /* CopyFiles */,
			);
			buildRules = (
			);
			dependencies = (
			);
			name = Validator;
			productName = Validator;
			productReference = 84E5C84E2551AACA00876831 /* Validator */;
			productType = "com.apple.product-type.tool";
		};
/* End PBXNativeTarget section */

/* Begin PBXProject section */
		84E5C8462551AACA00876831 /* Project object */ = {
			isa = PBXProject;
			attributes = {
				LastSwiftUpdateCheck = 1210;
				LastUpgradeCheck = 1210;
				TargetAttributes = {
					84E5C84D2551AACA00876831 = {
						CreatedOnToolsVersion = 12.1;
					};
				};
			};
			buildConfigurationList = 84E5C8492551AACA00876831 /* Build configuration list for PBXProject "Validator" */;
			compatibilityVersion = "Xcode 9.3";
			developmentRegion = en;
			hasScannedForEncodings = 0;
			knownRegions = (
				en,
				Base,
			);
			mainGroup = 84E5C8452551AACA00876831;
			productRefGroup = 84E5C84F2551AACA00876831 /* Products */;
			projectDirPath = "";
			projectRoot = "";
			targets = (
				84E5C84D2551AACA00876831 /* Validator */,
			);
		};
/* End PBXProject section */

/* Begin PBXSourcesBuildPhase section */
		84E5C84A2551AACA00876831 /* Sources */ = {
			isa = PBXSourcesBuildPhase;
			buildActionMask = 2147483647;
			files = (
				84E5C8672551AAD700876831 /* TextSpecification.swift in Sources */,
				84E5C8522551AACA00876831 /* main.swift in Sources */,
				84E5C8632551AAD700876831 /* LowercaseSpecification.swift in Sources */,
				84E5C8612551AAD700876831 /* TextValidator.swift in Sources */,
				84A2E17525532E95007B5B14 /* ExcludeSpecialCharacterSpecification.swift in Sources */,
				84A2E16E25532C9D007B5B14 /* UsernameValidator.swift in Sources */,
				84E5C8642551AAD700876831 /* SpecialCharacterSpecification.swift in Sources */,
				84E5C8652551AAD700876831 /* UppercaseSpecification.swift in Sources */,
				84E5C8662551AAD700876831 /* NumericSpecification.swift in Sources */,
				84E5C86B2551AB1500876831 /* PasswordValidator.swift in Sources */,
				84E5C8622551AAD700876831 /* MinimumLengthSpecification.swift in Sources */,
			);
			runOnlyForDeploymentPostprocessing = 0;
		};
/* End PBXSourcesBuildPhase section */

/* Begin XCBuildConfiguration section */
		84E5C8532551AACA00876831 /* Debug */ = {
			isa = XCBuildConfiguration;
			buildSettings = {
				ALWAYS_SEARCH_USER_PATHS = NO;
				CLANG_ANALYZER_NONNULL = YES;
				CLANG_ANALYZER_NUMBER_OBJECT_CONVERSION = YES_AGGRESSIVE;
				CLANG_CXX_LANGUAGE_STANDARD = "gnu++14";
				CLANG_CXX_LIBRARY = "libc++";
				CLANG_ENABLE_MODULES = YES;
				CLANG_ENABLE_OBJC_ARC = YES;
				CLANG_ENABLE_OBJC_WEAK = YES;
				CLANG_WARN_BLOCK_CAPTURE_AUTORELEASING = YES;
				CLANG_WARN_BOOL_CONVERSION = YES;
				CLANG_WARN_COMMA = YES;
				CLANG_WARN_CONSTANT_CONVERSION = YES;
				CLANG_WARN_DEPRECATED_OBJC_IMPLEMENTATIONS = YES;
				CLANG_WARN_DIRECT_OBJC_ISA_USAGE = YES_ERROR;
				CLANG_WARN_DOCUMENTATION_COMMENTS = YES;
				CLANG_WARN_EMPTY_BODY = YES;
				CLANG_WARN_ENUM_CONVERSION = YES;
				CLANG_WARN_INFINITE_RECURSION = YES;
				CLANG_WARN_INT_CONVERSION = YES;
				CLANG_WARN_NON_LITERAL_NULL_CONVERSION = YES;
				CLANG_WARN_OBJC_IMPLICIT_RETAIN_SELF = YES;
				CLANG_WARN_OBJC_LITERAL_CONVERSION = YES;
				CLANG_WARN_OBJC_ROOT_CLASS = YES_ERROR;
				CLANG_WARN_QUOTED_INCLUDE_IN_FRAMEWORK_HEADER = YES;
				CLANG_WARN_RANGE_LOOP_ANALYSIS = YES;
				CLANG_WARN_STRICT_PROTOTYPES = YES;
				CLANG_WARN_SUSPICIOUS_MOVE = YES;
				CLANG_WARN_UNGUARDED_AVAILABILITY = YES_AGGRESSIVE;
				CLANG_WARN_UNREACHABLE_CODE = YES;
				CLANG_WARN__DUPLICATE_METHOD_MATCH = YES;
				COPY_PHASE_STRIP = NO;
				DEBUG_INFORMATION_FORMAT = dwarf;
				ENABLE_STRICT_OBJC_MSGSEND = YES;
				ENABLE_TESTABILITY = YES;
				GCC_C_LANGUAGE_STANDARD = gnu11;
				GCC_DYNAMIC_NO_PIC = NO;
				GCC_NO_COMMON_BLOCKS = YES;
				GCC_OPTIMIZATION_LEVEL = 0;
				GCC_PREPROCESSOR_DEFINITIONS = (
					"DEBUG=1",
					"$(inherited)",
				);
				GCC_WARN_64_TO_32_BIT_CONVERSION = YES;
				GCC_WARN_ABOUT_RETURN_TYPE = YES_ERROR;
				GCC_WARN_UNDECLARED_SELECTOR = YES;
				GCC_WARN_UNINITIALIZED_AUTOS = YES_AGGRESSIVE;
				GCC_WARN_UNUSED_FUNCTION = YES;
				GCC_WARN_UNUSED_VARIABLE = YES;
				MACOSX_DEPLOYMENT_TARGET = 10.15;
				MTL_ENABLE_DEBUG_INFO = INCLUDE_SOURCE;
				MTL_FAST_MATH = YES;
				ONLY_ACTIVE_ARCH = YES;
				SDKROOT = macosx;
				SWIFT_ACTIVE_COMPILATION_CONDITIONS = DEBUG;
				SWIFT_OPTIMIZATION_LEVEL = "-Onone";
			};
			name = Debug;
		};
		84E5C8542551AACA00876831 /* Release */ = {
			isa = XCBuildConfiguration;
			buildSettings = {
				ALWAYS_SEARCH_USER_PATHS = NO;
				CLANG_ANALYZER_NONNULL = YES;
				CLANG_ANALYZER_NUMBER_OBJECT_CONVERSION = YES_AGGRESSIVE;
				CLANG_CXX_LANGUAGE_STANDARD = "gnu++14";
				CLANG_CXX_LIBRARY = "libc++";
				CLANG_ENABLE_MODULES = YES;
				CLANG_ENABLE_OBJC_ARC = YES;
				CLANG_ENABLE_OBJC_WEAK = YES;
				CLANG_WARN_BLOCK_CAPTURE_AUTORELEASING = YES;
				CLANG_WARN_BOOL_CONVERSION = YES;
				CLANG_WARN_COMMA = YES;
				CLANG_WARN_CONSTANT_CONVERSION = YES;
				CLANG_WARN_DEPRECATED_OBJC_IMPLEMENTATIONS = YES;
				CLANG_WARN_DIRECT_OBJC_ISA_USAGE = YES_ERROR;
				CLANG_WARN_DOCUMENTATION_COMMENTS = YES;
				CLANG_WARN_EMPTY_BODY = YES;
				CLANG_WARN_ENUM_CONVERSION = YES;
				CLANG_WARN_INFINITE_RECURSION = YES;
				CLANG_WARN_INT_CONVERSION = YES;
				CLANG_WARN_NON_LITERAL_NULL_CONVERSION = YES;
				CLANG_WARN_OBJC_IMPLICIT_RETAIN_SELF = YES;
				CLANG_WARN_OBJC_LITERAL_CONVERSION = YES;
				CLANG_WARN_OBJC_ROOT_CLASS = YES_ERROR;
				CLANG_WARN_QUOTED_INCLUDE_IN_FRAMEWORK_HEADER = YES;
				CLANG_WARN_RANGE_LOOP_ANALYSIS = YES;
				CLANG_WARN_STRICT_PROTOTYPES = YES;
				CLANG_WARN_SUSPICIOUS_MOVE = YES;
				CLANG_WARN_UNGUARDED_AVAILABILITY = YES_AGGRESSIVE;
				CLANG_WARN_UNREACHABLE_CODE = YES;
				CLANG_WARN__DUPLICATE_METHOD_MATCH = YES;
				COPY_PHASE_STRIP = NO;
				DEBUG_INFORMATION_FORMAT = "dwarf-with-dsym";
				ENABLE_NS_ASSERTIONS = NO;
				ENABLE_STRICT_OBJC_MSGSEND = YES;
				GCC_C_LANGUAGE_STANDARD = gnu11;
				GCC_NO_COMMON_BLOCKS = YES;
				GCC_WARN_64_TO_32_BIT_CONVERSION = YES;
				GCC_WARN_ABOUT_RETURN_TYPE = YES_ERROR;
				GCC_WARN_UNDECLARED_SELECTOR = YES;
				GCC_WARN_UNINITIALIZED_AUTOS = YES_AGGRESSIVE;
				GCC_WARN_UNUSED_FUNCTION = YES;
				GCC_WARN_UNUSED_VARIABLE = YES;
				MACOSX_DEPLOYMENT_TARGET = 10.15;
				MTL_ENABLE_DEBUG_INFO = NO;
				MTL_FAST_MATH = YES;
				SDKROOT = macosx;
				SWIFT_COMPILATION_MODE = wholemodule;
				SWIFT_OPTIMIZATION_LEVEL = "-O";
			};
			name = Release;
		};
		84E5C8562551AACA00876831 /* Debug */ = {
			isa = XCBuildConfiguration;
			buildSettings = {
				CODE_SIGN_STYLE = Automatic;
				DEVELOPMENT_TEAM = 33Z5DSA98E;
				ENABLE_HARDENED_RUNTIME = YES;
				PRODUCT_NAME = "$(TARGET_NAME)";
				SWIFT_VERSION = 5.0;
			};
			name = Debug;
		};
		84E5C8572551AACA00876831 /* Release */ = {
			isa = XCBuildConfiguration;
			buildSettings = {
				CODE_SIGN_STYLE = Automatic;
				DEVELOPMENT_TEAM = 33Z5DSA98E;
				ENABLE_HARDENED_RUNTIME = YES;
				PRODUCT_NAME = "$(TARGET_NAME)";
				SWIFT_VERSION = 5.0;
			};
			name = Release;
		};
/* End XCBuildConfiguration section */

/* Begin XCConfigurationList section */
		84E5C8492551AACA00876831 /* Build configuration list for PBXProject "Validator" */ = {
			isa = XCConfigurationList;
			buildConfigurations = (
				84E5C8532551AACA00876831 /* Debug */,
				84E5C8542551AACA00876831 /* Release */,
			);
			defaultConfigurationIsVisible = 0;
			defaultConfigurationName = Release;
		};
		84E5C8552551AACA00876831 /* Build configuration list for PBXNativeTarget "Validator" */ = {
			isa = XCConfigurationList;
			buildConfigurations = (
				84E5C8562551AACA00876831 /* Debug */,
				84E5C8572551AACA00876831 /* Release */,
			);
			defaultConfigurationIsVisible = 0;
			defaultConfigurationName = Release;
		};
/* End XCConfigurationList section */
	};
	rootObject = 84E5C8462551AACA00876831 /* Project object */;
}
